PODS:
  - DCCJConfig (0.1.0)
  - DCCJNetwork (0.3.2):
    - DCCJConfig (~> 0.1.0)

DEPENDENCIES:
  - DCCJNetwork (from `../`)

SPEC REPOS:
  https://github.com/cocoapods/specs.git:
    - DCCJConfig

EXTERNAL SOURCES:
  DCCJNetwork:
    :path: "../"

SPEC CHECKSUMS:
  DCCJConfig: f5406d0f7142f052fab836b329e2e147489999d2
  DCCJNetwork: 28a427007abf9edcb1507e17ac734f8313cdc737

PODFILE CHECKSUM: 4e05ace3a85f71741cd50b929059cbfffaa49cfc

COCOAPODS: 1.5.3
