PODS:
  - DCCJConfig (0.1.8):
    - DCCJConfig/DataManagerError (= 0.1.8)
    - DCCJConfig/Result (= 0.1.8)
  - DCCJConfig/DataManagerError (0.1.8)
  - DCCJConfig/Result (0.1.8)
  - DCCJNetwork (0.3.7):
    - DCCJConfig (~> 0.1.8)
    - SwiftyBeaver
  - SwiftyBeaver (1.6.0)

DEPENDENCIES:
  - DCCJNetwork (from `../`)

SPEC REPOS:
  https://github.com/cocoapods/specs.git:
    - DCCJConfig
    - SwiftyBeaver

EXTERNAL SOURCES:
  DCCJNetwork:
    :path: "../"

SPEC CHECKSUMS:
  DCCJConfig: a3dd6b8edf21e9a79d45bd0bee5287fa9b2473dc
  DCCJNetwork: 80cdb4e263caa3e71a3f3797c600e0952200c283
  SwiftyBeaver: e45759613e50b522b0e6f53b1f0f14389b45ca34

PODFILE CHECKSUM: 4e05ace3a85f71741cd50b929059cbfffaa49cfc

COCOAPODS: 1.5.3
