PODS:
  - DCCJConfig (0.1.7):
    - DCCJConfig/DataManagerError (= 0.1.7)
    - DCCJConfig/Result (= 0.1.7)
  - DCCJConfig/DataManagerError (0.1.7)
  - DCCJConfig/Result (0.1.7)
  - DCCJNetwork (0.3.5):
    - DCCJConfig (~> 0.1.7)

DEPENDENCIES:
  - DCCJNetwork (from `../`)

SPEC REPOS:
  https://github.com/cocoapods/specs.git:
    - DCCJConfig

EXTERNAL SOURCES:
  DCCJNetwork:
    :path: "../"

SPEC CHECKSUMS:
  DCCJConfig: 75489bbacd3d721bf9a995c1081fc40f62295e14
  DCCJNetwork: 9107d238dff72520e81b74ea772bfb6effeabeee

PODFILE CHECKSUM: 4e05ace3a85f71741cd50b929059cbfffaa49cfc

COCOAPODS: 1.5.3
